
Microsoft Visual Studio Solution File, Format Version 12.00
# Visual Studio Version 17
VisualStudioVersion = 17.0.31903.59
MinimumVisualStudioVersion = 10.0.40219.1
Project("{2150E333-8FDC-42A3-9474-1A3956D46DE8}") = "src", "src", "{827E0CD3-B72D-47B6-A68D-7590B98EB39B}"
EndProject
Project("{FAE04EC0-301F-11D3-BF4B-00C04F79EFBC}") = "WebPScanner.Api", "src\WebPScanner.Api\WebPScanner.Api.csproj", "{E34A6764-5CC1-4783-8237-BEDC3EACECE1}"
EndProject
Project("{FAE04EC0-301F-11D3-BF4B-00C04F79EFBC}") = "WebPScanner.Core", "src\WebPScanner.Core\WebPScanner.Core.csproj", "{94F36E1E-F466-4B91-8F54-64BBC8AB524D}"
EndProject
Project("{FAE04EC0-301F-11D3-BF4B-00C04F79EFBC}") = "WebPScanner.Data", "src\WebPScanner.Data\WebPScanner.Data.csproj", "{40288863-9EEE-4984-A8AA-F927576D5637}"
EndProject
Project("{2150E333-8FDC-42A3-9474-1A3956D46DE8}") = "tests", "tests", "{0AB3BF05-4346-4AA6-1389-037BE0695223}"
EndProject
Project("{FAE04EC0-301F-11D3-BF4B-00C04F79EFBC}") = "WebPScanner.Core.Tests", "tests\WebPScanner.Core.Tests\WebPScanner.Core.Tests.csproj", "{D6A92B9D-CBF2-41A0-A5D5-6078598A8136}"
EndProject
Project("{FAE04EC0-301F-11D3-BF4B-00C04F79EFBC}") = "WebPScanner.Api.Tests", "tests\WebPScanner.Api.Tests\WebPScanner.Api.Tests.csproj", "{9C65087C-E5EA-4F39-ABC1-C1AEED03271C}"
EndProject
Project("{FAE04EC0-301F-11D3-BF4B-00C04F79EFBC}") = "WebPScanner.E2E.Tests", "tests\WebPScanner.E2E.Tests\WebPScanner.E2E.Tests.csproj", "{C80520FB-D0F7-4E9A-9E77-9D38D6C653F8}"
EndProject
Global
	GlobalSection(SolutionConfigurationPlatforms) = preSolution
		Debug|Any CPU = Debug|Any CPU
		Debug|x64 = Debug|x64
		Debug|x86 = Debug|x86
		Release|Any CPU = Release|Any CPU
		Release|x64 = Release|x64
		Release|x86 = Release|x86
	EndGlobalSection
	GlobalSection(ProjectConfigurationPlatforms) = postSolution
		{E34A6764-5CC1-4783-8237-BEDC3EACECE1}.Debug|Any CPU.ActiveCfg = Debug|Any CPU
		{E34A6764-5CC1-4783-8237-BEDC3EACECE1}.Debug|Any CPU.Build.0 = Debug|Any CPU
		{E34A6764-5CC1-4783-8237-BEDC3EACECE1}.Debug|x64.ActiveCfg = Debug|Any CPU
		{E34A6764-5CC1-4783-8237-BEDC3EACECE1}.Debug|x64.Build.0 = Debug|Any CPU
		{E34A6764-5CC1-4783-8237-BEDC3EACECE1}.Debug|x86.ActiveCfg = Debug|Any CPU
		{E34A6764-5CC1-4783-8237-BEDC3EACECE1}.Debug|x86.Build.0 = Debug|Any CPU
		{E34A6764-5CC1-4783-8237-BEDC3EACECE1}.Release|Any CPU.ActiveCfg = Release|Any CPU
		{E34A6764-5CC1-4783-8237-BEDC3EACECE1}.Release|Any CPU.Build.0 = Release|Any CPU
		{E34A6764-5CC1-4783-8237-BEDC3EACECE1}.Release|x64.ActiveCfg = Release|Any CPU
		{E34A6764-5CC1-4783-8237-BEDC3EACECE1}.Release|x64.Build.0 = Release|Any CPU
		{E34A6764-5CC1-4783-8237-BEDC3EACECE1}.Release|x86.ActiveCfg = Release|Any CPU
		{E34A6764-5CC1-4783-8237-BEDC3EACECE1}.Release|x86.Build.0 = Release|Any CPU
		{94F36E1E-F466-4B91-8F54-64BBC8AB524D}.Debug|Any CPU.ActiveCfg = Debug|Any CPU
		{94F36E1E-F466-4B91-8F54-64BBC8AB524D}.Debug|Any CPU.Build.0 = Debug|Any CPU
		{94F36E1E-F466-4B91-8F54-64BBC8AB524D}.Debug|x64.ActiveCfg = Debug|Any CPU
		{94F36E1E-F466-4B91-8F54-64BBC8AB524D}.Debug|x64.Build.0 = Debug|Any CPU
		{94F36E1E-F466-4B91-8F54-64BBC8AB524D}.Debug|x86.ActiveCfg = Debug|Any CPU
		{94F36E1E-F466-4B91-8F54-64BBC8AB524D}.Debug|x86.Build.0 = Debug|Any CPU
		{94F36E1E-F466-4B91-8F54-64BBC8AB524D}.Release|Any CPU.ActiveCfg = Release|Any CPU
		{94F36E1E-F466-4B91-8F54-64BBC8AB524D}.Release|Any CPU.Build.0 = Release|Any CPU
		{94F36E1E-F466-4B91-8F54-64BBC8AB524D}.Release|x64.ActiveCfg = Release|Any CPU
		{94F36E1E-F466-4B91-8F54-64BBC8AB524D}.Release|x64.Build.0 = Release|Any CPU
		{94F36E1E-F466-4B91-8F54-64BBC8AB524D}.Release|x86.ActiveCfg = Release|Any CPU
		{94F36E1E-F466-4B91-8F54-64BBC8AB524D}.Release|x86.Build.0 = Release|Any CPU
		{40288863-9EEE-4984-A8AA-F927576D5637}.Debug|Any CPU.ActiveCfg = Debug|Any CPU
		{40288863-9EEE-4984-A8AA-F927576D5637}.Debug|Any CPU.Build.0 = Debug|Any CPU
		{40288863-9EEE-4984-A8AA-F927576D5637}.Debug|x64.ActiveCfg = Debug|Any CPU
		{40288863-9EEE-4984-A8AA-F927576D5637}.Debug|x64.Build.0 = Debug|Any CPU
		{40288863-9EEE-4984-A8AA-F927576D5637}.Debug|x86.ActiveCfg = Debug|Any CPU
		{40288863-9EEE-4984-A8AA-F927576D5637}.Debug|x86.Build.0 = Debug|Any CPU
		{40288863-9EEE-4984-A8AA-F927576D5637}.Release|Any CPU.ActiveCfg = Release|Any CPU
		{40288863-9EEE-4984-A8AA-F927576D5637}.Release|Any CPU.Build.0 = Release|Any CPU
		{40288863-9EEE-4984-A8AA-F927576D5637}.Release|x64.ActiveCfg = Release|Any CPU
		{40288863-9EEE-4984-A8AA-F927576D5637}.Release|x64.Build.0 = Release|Any CPU
		{40288863-9EEE-4984-A8AA-F927576D5637}.Release|x86.ActiveCfg = Release|Any CPU
		{40288863-9EEE-4984-A8AA-F927576D5637}.Release|x86.Build.0 = Release|Any CPU
		{D6A92B9D-CBF2-41A0-A5D5-6078598A8136}.Debug|Any CPU.ActiveCfg = Debug|Any CPU
		{D6A92B9D-CBF2-41A0-A5D5-6078598A8136}.Debug|Any CPU.Build.0 = Debug|Any CPU
		{D6A92B9D-CBF2-41A0-A5D5-6078598A8136}.Debug|x64.ActiveCfg = Debug|Any CPU
		{D6A92B9D-CBF2-41A0-A5D5-6078598A8136}.Debug|x64.Build.0 = Debug|Any CPU
		{D6A92B9D-CBF2-41A0-A5D5-6078598A8136}.Debug|x86.ActiveCfg = Debug|Any CPU
		{D6A92B9D-CBF2-41A0-A5D5-6078598A8136}.Debug|x86.Build.0 = Debug|Any CPU
		{D6A92B9D-CBF2-41A0-A5D5-6078598A8136}.Release|Any CPU.ActiveCfg = Release|Any CPU
		{D6A92B9D-CBF2-41A0-A5D5-6078598A8136}.Release|Any CPU.Build.0 = Release|Any CPU
		{D6A92B9D-CBF2-41A0-A5D5-6078598A8136}.Release|x64.ActiveCfg = Release|Any CPU
		{D6A92B9D-CBF2-41A0-A5D5-6078598A8136}.Release|x64.Build.0 = Release|Any CPU
		{D6A92B9D-CBF2-41A0-A5D5-6078598A8136}.Release|x86.ActiveCfg = Release|Any CPU
		{D6A92B9D-CBF2-41A0-A5D5-6078598A8136}.Release|x86.Build.0 = Release|Any CPU
		{9C65087C-E5EA-4F39-ABC1-C1AEED03271C}.Debug|Any CPU.ActiveCfg = Debug|Any CPU
		{9C65087C-E5EA-4F39-ABC1-C1AEED03271C}.Debug|Any CPU.Build.0 = Debug|Any CPU
		{9C65087C-E5EA-4F39-ABC1-C1AEED03271C}.Debug|x64.ActiveCfg = Debug|Any CPU
		{9C65087C-E5EA-4F39-ABC1-C1AEED03271C}.Debug|x64.Build.0 = Debug|Any CPU
		{9C65087C-E5EA-4F39-ABC1-C1AEED03271C}.Debug|x86.ActiveCfg = Debug|Any CPU
		{9C65087C-E5EA-4F39-ABC1-C1AEED03271C}.Debug|x86.Build.0 = Debug|Any CPU
		{9C65087C-E5EA-4F39-ABC1-C1AEED03271C}.Release|Any CPU.ActiveCfg = Release|Any CPU
		{9C65087C-E5EA-4F39-ABC1-C1AEED03271C}.Release|Any CPU.Build.0 = Release|Any CPU
		{9C65087C-E5EA-4F39-ABC1-C1AEED03271C}.Release|x64.ActiveCfg = Release|Any CPU
		{9C65087C-E5EA-4F39-ABC1-C1AEED03271C}.Release|x64.Build.0 = Release|Any CPU
		{9C65087C-E5EA-4F39-ABC1-C1AEED03271C}.Release|x86.ActiveCfg = Release|Any CPU
		{9C65087C-E5EA-4F39-ABC1-C1AEED03271C}.Release|x86.Build.0 = Release|Any CPU
		{C80520FB-D0F7-4E9A-9E77-9D38D6C653F8}.Debug|Any CPU.ActiveCfg = Debug|Any CPU
		{C80520FB-D0F7-4E9A-9E77-9D38D6C653F8}.Debug|Any CPU.Build.0 = Debug|Any CPU
		{C80520FB-D0F7-4E9A-9E77-9D38D6C653F8}.Debug|x64.ActiveCfg = Debug|Any CPU
		{C80520FB-D0F7-4E9A-9E77-9D38D6C653F8}.Debug|x64.Build.0 = Debug|Any CPU
		{C80520FB-D0F7-4E9A-9E77-9D38D6C653F8}.Debug|x86.ActiveCfg = Debug|Any CPU
		{C80520FB-D0F7-4E9A-9E77-9D38D6C653F8}.Debug|x86.Build.0 = Debug|Any CPU
		{C80520FB-D0F7-4E9A-9E77-9D38D6C653F8}.Release|Any CPU.ActiveCfg = Release|Any CPU
		{C80520FB-D0F7-4E9A-9E77-9D38D6C653F8}.Release|Any CPU.Build.0 = Release|Any CPU
		{C80520FB-D0F7-4E9A-9E77-9D38D6C653F8}.Release|x64.ActiveCfg = Release|Any CPU
		{C80520FB-D0F7-4E9A-9E77-9D38D6C653F8}.Release|x64.Build.0 = Release|Any CPU
		{C80520FB-D0F7-4E9A-9E77-9D38D6C653F8}.Release|x86.ActiveCfg = Release|Any CPU
		{C80520FB-D0F7-4E9A-9E77-9D38D6C653F8}.Release|x86.Build.0 = Release|Any CPU
	EndGlobalSection
	GlobalSection(SolutionProperties) = preSolution
		HideSolutionNode = FALSE
	EndGlobalSection
	GlobalSection(NestedProjects) = preSolution
		{E34A6764-5CC1-4783-8237-BEDC3EACECE1} = {827E0CD3-B72D-47B6-A68D-7590B98EB39B}
		{94F36E1E-F466-4B91-8F54-64BBC8AB524D} = {827E0CD3-B72D-47B6-A68D-7590B98EB39B}
		{40288863-9EEE-4984-A8AA-F927576D5637} = {827E0CD3-B72D-47B6-A68D-7590B98EB39B}
		{D6A92B9D-CBF2-41A0-A5D5-6078598A8136} = {0AB3BF05-4346-4AA6-1389-037BE0695223}
		{9C65087C-E5EA-4F39-ABC1-C1AEED03271C} = {0AB3BF05-4346-4AA6-1389-037BE0695223}
		{C80520FB-D0F7-4E9A-9E77-9D38D6C653F8} = {0AB3BF05-4346-4AA6-1389-037BE0695223}
	EndGlobalSection
EndGlobal
